
Microsoft Visual Studio Solution File, Format Version 12.00
# Visual Studio Version 17
VisualStudioVersion = 17.4.33213.308
MinimumVisualStudioVersion = 10.0.40219.1
Project("{FAE04EC0-301F-11D3-BF4B-00C04F79EFBC}") = "APS-Forge", "APS-Forge\APS-Forge.csproj", "{123DEFEA-4B19-432D-A3E7-0699D8B021A3}"
EndProject
Global
	GlobalSection(SolutionConfigurationPlatforms) = preSolution
		Debug|Any CPU = Debug|Any CPU
		Release|Any CPU = Release|Any CPU
	EndGlobalSection
	GlobalSection(ProjectConfigurationPlatforms) = postSolution
		{123DEFEA-4B19-432D-A3E7-0699D8B021A3}.Debug|Any CPU.ActiveCfg = Debug|Any CPU
		{123DEFEA-4B19-432D-A3E7-0699D8B021A3}.Debug|Any CPU.Build.0 = Debug|Any CPU
		{123DEFEA-4B19-432D-A3E7-0699D8B021A3}.Release|Any CPU.ActiveCfg = Release|Any CPU
		{123DEFEA-4B19-432D-A3E7-0699D8B021A3}.Release|Any CPU.Build.0 = Release|Any CPU
	EndGlobalSection
	GlobalSection(SolutionProperties) = preSolution
		HideSolutionNode = FALSE
	EndGlobalSection
	GlobalSection(ExtensibilityGlobals) = postSolution
		SolutionGuid = {FFF1D402-3506-4537-9EC2-D4544A345BE1}
	EndGlobalSection
EndGlobal
